{
  "name": "04_strict-mode",
  "version": "1.0.0",
  "lockfileVersion": 3,
  "requires": true,
  "packages": {
    "": {
      "name": "04_strict-mode",
      "version": "1.0.0",
      "license": "ISC",
      "dependencies": {
        "@jridgewell/sourcemap-codec": "^1.5.5",
        "source-map": "^0.7.6",
        "typescript": "^6.0.0-dev.20260416"
      }
    },
    "node_modules/@jridgewell/sourcemap-codec": {
      "version": "1.5.5",
      "resolved": "https://registry.npmjs.org/@jridgewell/sourcemap-codec/-/sourcemap-codec-1.5.5.tgz",
      "integrity": "sha512-cYQ9310grqxueWbl+WuIUIaiUaDcj7WOq5fVhEljNVgRfOUhY9fy2zTvfoqWsnebh8Sl70VScFbICvJnLKB0Og==",
      "license": "MIT"
    },
    "node_modules/source-map": {
      "version": "0.7.6",
      "resolved": "https://registry.npmjs.org/source-map/-/source-map-0.7.6.tgz",
      "integrity": "sha512-i5uvt8C3ikiWeNZSVZNWcfZPItFQOsYTUAOkcUPGd8DqDy1uOUikjt5dG+uRlwyvR108Fb9DOd4GvXfT0N2/uQ==",
      "license": "BSD-3-Clause",
      "engines": {
        "node": ">= 12"
      }
    },
    "node_modules/typescript": {
      "version": "6.0.0-dev.20260416",
      "resolved": "https://registry.npmjs.org/typescript/-/typescript-6.0.0-dev.20260416.tgz",
      "integrity": "sha512-64CCow5rQc6+oBAPqLtvZ8f3iz4WVCLwMVkg6/kOfMQlGshVOMkBhCXn+MMP4SX4Xtnz48VpD98FkptirMEuEQ==",
      "license": "Apache-2.0",
      "bin": {
        "tsc": "bin/tsc",
        "tsserver": "bin/tsserver"
      },
      "engines": {
        "node": ">=14.17"
      }
    }
  }
}
